# THIS IS AN AUTOGENERATED FILE. DO NOT EDIT THIS FILE DIRECTLY.
# yarn lockfile v1


"@jupyterlab/application@^0.19.0":
  version "0.19.1"
  resolved "https://registry.yarnpkg.com/@jupyterlab/application/-/application-0.19.1.tgz#2f976a2e140041543f1dcf14a52eb081f7729739"
  dependencies:
    "@jupyterlab/apputils" "^0.19.1"
    "@jupyterlab/coreutils" "^2.2.1"
    "@jupyterlab/docregistry" "^0.19.1"
    "@jupyterlab/rendermime" "^0.19.1"
    "@jupyterlab/rendermime-interfaces" "^1.2.1"
    "@jupyterlab/services" "^3.2.1"
    "@phosphor/algorithm" "^1.1.2"
    "@phosphor/application" "^1.6.0"
    "@phosphor/commands" "^1.6.1"
    "@phosphor/coreutils" "^1.3.0"
    "@phosphor/disposable" "^1.1.2"
    "@phosphor/messaging" "^1.2.2"
    "@phosphor/properties" "^1.1.2"
    "@phosphor/signaling" "^1.2.2"
    "@phosphor/widgets" "^1.6.0"

"@jupyterlab/apputils@^0.19.0", "@jupyterlab/apputils@^0.19.1":
  version "0.19.1"
  resolved "https://registry.yarnpkg.com/@jupyterlab/apputils/-/apputils-0.19.1.tgz#673f7e8fecc01ba3a98dd75c5c0f9ca354fe0b69"
  dependencies:
    "@jupyterlab/coreutils" "^2.2.1"
    "@jupyterlab/services" "^3.2.1"
    "@phosphor/algorithm" "^1.1.2"
    "@phosphor/commands" "^1.6.1"
    "@phosphor/coreutils" "^1.3.0"
    "@phosphor/disposable" "^1.1.2"
    "@phosphor/domutils" "^1.1.2"
    "@phosphor/messaging" "^1.2.2"
    "@phosphor/properties" "^1.1.2"
    "@phosphor/signaling" "^1.2.2"
    "@phosphor/virtualdom" "^1.1.2"
    "@phosphor/widgets" "^1.6.0"
    "@types/react" "~16.4.13"
    react "~16.4.2"
    react-dom "~16.4.2"
    sanitize-html "~1.18.2"

"@jupyterlab/attachments@^0.19.1":
  version "0.19.1"
  resolved "https://registry.yarnpkg.com/@jupyterlab/attachments/-/attachments-0.19.1.tgz#4a8dfa0e239022aaadcd03793bfe7babe7fba110"
  dependencies:
    "@jupyterlab/coreutils" "^2.2.1"
    "@jupyterlab/observables" "^2.1.1"
    "@jupyterlab/rendermime" "^0.19.1"
    "@jupyterlab/rendermime-interfaces" "^1.2.1"
    "@phosphor/disposable" "^1.1.2"
    "@phosphor/signaling" "^1.2.2"

"@jupyterlab/cells@^0.19.1":
  version "0.19.1"
  resolved "https://registry.yarnpkg.com/@jupyterlab/cells/-/cells-0.19.1.tgz#1d9c5f4a583c0bb3f5c5a9f1717e0fdef747206f"
  dependencies:
    "@jupyterlab/apputils" "^0.19.1"
    "@jupyterlab/attachments" "^0.19.1"
    "@jupyterlab/codeeditor" "^0.19.1"
    "@jupyterlab/codemirror" "^0.19.1"
    "@jupyterlab/coreutils" "^2.2.1"
    "@jupyterlab/observables" "^2.1.1"
    "@jupyterlab/outputarea" "^0.19.1"
    "@jupyterlab/rendermime" "^0.19.1"
    "@jupyterlab/services" "^3.2.1"
    "@phosphor/coreutils" "^1.3.0"
    "@phosphor/messaging" "^1.2.2"
    "@phosphor/signaling" "^1.2.2"
    "@phosphor/widgets" "^1.6.0"
    react "~16.4.2"

"@jupyterlab/codeeditor@^0.19.1":
  version "0.19.1"
  resolved "https://registry.yarnpkg.com/@jupyterlab/codeeditor/-/codeeditor-0.19.1.tgz#9b268ed914948bd46d93c391542b24cbaea58adc"
  dependencies:
    "@jupyterlab/coreutils" "^2.2.1"
    "@jupyterlab/observables" "^2.1.1"
    "@phosphor/coreutils" "^1.3.0"
    "@phosphor/disposable" "^1.1.2"
    "@phosphor/messaging" "^1.2.2"
    "@phosphor/signaling" "^1.2.2"
    "@phosphor/widgets" "^1.6.0"
    react "~16.4.2"
    react-dom "~16.4.2"

"@jupyterlab/codemirror@^0.19.1":
  version "0.19.1"
  resolved "https://registry.yarnpkg.com/@jupyterlab/codemirror/-/codemirror-0.19.1.tgz#7eaedcfef666feb15ede66207b4f3967c849afb5"
  dependencies:
    "@jupyterlab/apputils" "^0.19.1"
    "@jupyterlab/codeeditor" "^0.19.1"
    "@jupyterlab/coreutils" "^2.2.1"
    "@jupyterlab/observables" "^2.1.1"
    "@phosphor/algorithm" "^1.1.2"
    "@phosphor/coreutils" "^1.3.0"
    "@phosphor/disposable" "^1.1.2"
    "@phosphor/signaling" "^1.2.2"
    codemirror "~5.39.0"

"@jupyterlab/coreutils@^2.2.1":
  version "2.2.1"
  resolved "https://registry.yarnpkg.com/@jupyterlab/coreutils/-/coreutils-2.2.1.tgz#c271eaf2f6e468757ba9660f24bd3c3e5d6fe583"
  dependencies:
    "@phosphor/algorithm" "^1.1.2"
    "@phosphor/coreutils" "^1.3.0"
    "@phosphor/disposable" "^1.1.2"
    "@phosphor/signaling" "^1.2.2"
    ajv "~5.1.6"
    comment-json "^1.1.3"
    minimist "~1.2.0"
    moment "~2.21.0"
    path-posix "~1.0.0"
    url-parse "~1.4.3"

"@jupyterlab/docregistry@^0.19.0", "@jupyterlab/docregistry@^0.19.1":
  version "0.19.1"
  resolved "https://registry.yarnpkg.com/@jupyterlab/docregistry/-/docregistry-0.19.1.tgz#1a8bcddc3eaf22fb25ce499a1f4c818c0c4cf1a0"
  dependencies:
    "@jupyterlab/apputils" "^0.19.1"
    "@jupyterlab/codeeditor" "^0.19.1"
    "@jupyterlab/codemirror" "^0.19.1"
    "@jupyterlab/coreutils" "^2.2.1"
    "@jupyterlab/observables" "^2.1.1"
    "@jupyterlab/rendermime" "^0.19.1"
    "@jupyterlab/rendermime-interfaces" "^1.2.1"
    "@jupyterlab/services" "^3.2.1"
    "@phosphor/algorithm" "^1.1.2"
    "@phosphor/coreutils" "^1.3.0"
    "@phosphor/disposable" "^1.1.2"
    "@phosphor/messaging" "^1.2.2"
    "@phosphor/signaling" "^1.2.2"
    "@phosphor/widgets" "^1.6.0"

"@jupyterlab/fileeditor@^0.19.0":
  version "0.19.1"
  resolved "https://registry.yarnpkg.com/@jupyterlab/fileeditor/-/fileeditor-0.19.1.tgz#c980747e97875b1bd1f46e57046a2a00f1131840"
  dependencies:
    "@jupyterlab/apputils" "^0.19.1"
    "@jupyterlab/codeeditor" "^0.19.1"
    "@jupyterlab/docregistry" "^0.19.1"
    "@phosphor/coreutils" "^1.3.0"
    "@phosphor/messaging" "^1.2.2"
    "@phosphor/widgets" "^1.6.0"

"@jupyterlab/mainmenu@^0.8.0":
  version "0.8.1"
  resolved "https://registry.yarnpkg.com/@jupyterlab/mainmenu/-/mainmenu-0.8.1.tgz#a691fbbf338498d83ec4e0f6e0dc4660291c25af"
  dependencies:
    "@jupyterlab/apputils" "^0.19.1"
    "@jupyterlab/services" "^3.2.1"
    "@phosphor/algorithm" "^1.1.2"
    "@phosphor/commands" "^1.6.1"
    "@phosphor/coreutils" "^1.3.0"
    "@phosphor/disposable" "^1.1.2"
    "@phosphor/widgets" "^1.6.0"

"@jupyterlab/notebook@^0.19.0":
  version "0.19.2"
  resolved "https://registry.yarnpkg.com/@jupyterlab/notebook/-/notebook-0.19.2.tgz#ede77c45579007583d2bd01e485f3755e5214c07"
  dependencies:
    "@jupyterlab/apputils" "^0.19.1"
    "@jupyterlab/cells" "^0.19.1"
    "@jupyterlab/codeeditor" "^0.19.1"
    "@jupyterlab/coreutils" "^2.2.1"
    "@jupyterlab/docregistry" "^0.19.1"
    "@jupyterlab/observables" "^2.1.1"
    "@jupyterlab/rendermime" "^0.19.1"
    "@jupyterlab/services" "^3.2.1"
    "@phosphor/algorithm" "^1.1.2"
    "@phosphor/coreutils" "^1.3.0"
    "@phosphor/domutils" "^1.1.2"
    "@phosphor/dragdrop" "^1.3.0"
    "@phosphor/messaging" "^1.2.2"
    "@phosphor/properties" "^1.1.2"
    "@phosphor/signaling" "^1.2.2"
    "@phosphor/virtualdom" "^1.1.2"
    "@phosphor/widgets" "^1.6.0"
    react "~16.4.2"

"@jupyterlab/observables@^2.1.1":
  version "2.1.1"
  resolved "https://registry.yarnpkg.com/@jupyterlab/observables/-/observables-2.1.1.tgz#c5d8ad295c5b0bce914a607a342b0af4550b2187"
  dependencies:
    "@phosphor/algorithm" "^1.1.2"
    "@phosphor/coreutils" "^1.3.0"
    "@phosphor/disposable" "^1.1.2"
    "@phosphor/messaging" "^1.2.2"
    "@phosphor/signaling" "^1.2.2"

"@jupyterlab/outputarea@^0.19.1":
  version "0.19.2"
  resolved "https://registry.yarnpkg.com/@jupyterlab/outputarea/-/outputarea-0.19.2.tgz#863b19a044673f4f0032fb524849e2dd99293f1c"
  dependencies:
    "@jupyterlab/apputils" "^0.19.1"
    "@jupyterlab/coreutils" "^2.2.1"
    "@jupyterlab/observables" "^2.1.1"
    "@jupyterlab/rendermime" "^0.19.1"
    "@jupyterlab/rendermime-interfaces" "^1.2.1"
    "@jupyterlab/services" "^3.2.1"
    "@phosphor/algorithm" "^1.1.2"
    "@phosphor/coreutils" "^1.3.0"
    "@phosphor/disposable" "^1.1.2"
    "@phosphor/messaging" "^1.2.2"
    "@phosphor/signaling" "^1.2.2"
    "@phosphor/widgets" "^1.6.0"

"@jupyterlab/rendermime-interfaces@^1.2.1":
  version "1.2.1"
  resolved "https://registry.yarnpkg.com/@jupyterlab/rendermime-interfaces/-/rendermime-interfaces-1.2.1.tgz#702155fea6b87b58ba7025f2f267b72f6e7057f3"
  dependencies:
    "@phosphor/coreutils" "^1.3.0"
    "@phosphor/widgets" "^1.6.0"

"@jupyterlab/rendermime@^0.19.1":
  version "0.19.1"
  resolved "https://registry.yarnpkg.com/@jupyterlab/rendermime/-/rendermime-0.19.1.tgz#e5ca8f73cf9f6178ad5e76f18dbacb25c849bb80"
  dependencies:
    "@jupyterlab/apputils" "^0.19.1"
    "@jupyterlab/codemirror" "^0.19.1"
    "@jupyterlab/coreutils" "^2.2.1"
    "@jupyterlab/observables" "^2.1.1"
    "@jupyterlab/rendermime-interfaces" "^1.2.1"
    "@jupyterlab/services" "^3.2.1"
    "@phosphor/algorithm" "^1.1.2"
    "@phosphor/coreutils" "^1.3.0"
    "@phosphor/messaging" "^1.2.2"
    "@phosphor/signaling" "^1.2.2"
    "@phosphor/widgets" "^1.6.0"
    ansi_up "^3.0.0"
    marked "~0.4.0"

"@jupyterlab/services@^3.2.1":
  version "3.2.1"
  resolved "https://registry.yarnpkg.com/@jupyterlab/services/-/services-3.2.1.tgz#e8d9329ed73f794909f786d22c5e94b07beb041b"
  dependencies:
    "@jupyterlab/coreutils" "^2.2.1"
    "@jupyterlab/observables" "^2.1.1"
    "@phosphor/algorithm" "^1.1.2"
    "@phosphor/coreutils" "^1.3.0"
    "@phosphor/disposable" "^1.1.2"
    "@phosphor/signaling" "^1.2.2"

"@phosphor/algorithm@^1.1.2", "@phosphor/algorithm@^1.1.3":
  version "1.1.3"
  resolved "https://registry.yarnpkg.com/@phosphor/algorithm/-/algorithm-1.1.3.tgz#fb0e974f4e81aadc06f948770b3060c4ec8a1e27"

"@phosphor/application@^1.6.0":
  version "1.6.2"
  resolved "https://registry.yarnpkg.com/@phosphor/application/-/application-1.6.2.tgz#93e57a92bd41a998f7da5dd6a2e05e42de1dfb84"
  dependencies:
    "@phosphor/commands" "^1.6.2"
    "@phosphor/coreutils" "^1.3.1"
    "@phosphor/widgets" "^1.7.1"

"@phosphor/collections@^1.1.3":
  version "1.1.3"
  resolved "https://registry.yarnpkg.com/@phosphor/collections/-/collections-1.1.3.tgz#c938ee4138d97377bba1f0970102071ca3ac1420"
  dependencies:
    "@phosphor/algorithm" "^1.1.3"

"@phosphor/commands@^1.6.1", "@phosphor/commands@^1.6.2":
  version "1.6.2"
  resolved "https://registry.yarnpkg.com/@phosphor/commands/-/commands-1.6.2.tgz#f276952d76dcb6f938e5eba746b0d9080d7489ba"
  dependencies:
    "@phosphor/algorithm" "^1.1.3"
    "@phosphor/coreutils" "^1.3.1"
    "@phosphor/disposable" "^1.1.3"
    "@phosphor/domutils" "^1.1.3"
    "@phosphor/keyboard" "^1.1.3"
    "@phosphor/signaling" "^1.2.3"

"@phosphor/coreutils@^1.3.0", "@phosphor/coreutils@^1.3.1":
  version "1.3.1"
  resolved "https://registry.yarnpkg.com/@phosphor/coreutils/-/coreutils-1.3.1.tgz#441e34f42340f7faa742a88b2a181947a88d7226"

"@phosphor/disposable@^1.1.2", "@phosphor/disposable@^1.1.3":
  version "1.1.3"
  resolved "https://registry.yarnpkg.com/@phosphor/disposable/-/disposable-1.1.3.tgz#912765c02e2f04b8d56efb26ecd7270207a40f41"
  dependencies:
    "@phosphor/algorithm" "^1.1.3"

"@phosphor/domutils@^1.1.2", "@phosphor/domutils@^1.1.3":
  version "1.1.3"
  resolved "https://registry.yarnpkg.com/@phosphor/domutils/-/domutils-1.1.3.tgz#5aeeaefb4bbfcc7c0942e5287a29d3c7f2b1a2bc"

"@phosphor/dragdrop@^1.3.0", "@phosphor/dragdrop@^1.3.2":
  version "1.3.2"
  resolved "https://registry.yarnpkg.com/@phosphor/dragdrop/-/dragdrop-1.3.2.tgz#8f4e77398b881ae34f9529451ce8d07368f3925b"
  dependencies:
    "@phosphor/coreutils" "^1.3.1"
    "@phosphor/disposable" "^1.1.3"

"@phosphor/keyboard@^1.1.3":
  version "1.1.3"
  resolved "https://registry.yarnpkg.com/@phosphor/keyboard/-/keyboard-1.1.3.tgz#e5fd13af0479034ef0b5fffcf43ef2d4a266b5b6"

"@phosphor/messaging@^1.2.2", "@phosphor/messaging@^1.2.3":
  version "1.2.3"
  resolved "https://registry.yarnpkg.com/@phosphor/messaging/-/messaging-1.2.3.tgz#860423261df8ac6c30344cc036b10b0e83d3c0db"
  dependencies:
    "@phosphor/algorithm" "^1.1.3"
    "@phosphor/collections" "^1.1.3"

"@phosphor/properties@^1.1.2", "@phosphor/properties@^1.1.3":
  version "1.1.3"
  resolved "https://registry.yarnpkg.com/@phosphor/properties/-/properties-1.1.3.tgz#63e4355be5e22a411c566fd1860207038f171598"

"@phosphor/signaling@^1.2.2", "@phosphor/signaling@^1.2.3":
  version "1.2.3"
  resolved "https://registry.yarnpkg.com/@phosphor/signaling/-/signaling-1.2.3.tgz#2fde0ee810b0fab5f3fc765f81ed08ae671e76f1"
  dependencies:
    "@phosphor/algorithm" "^1.1.3"

"@phosphor/virtualdom@^1.1.2", "@phosphor/virtualdom@^1.1.3":
  version "1.1.3"
  resolved "https://registry.yarnpkg.com/@phosphor/virtualdom/-/virtualdom-1.1.3.tgz#33ddebc710ad5bd136fd5f61d7adb4fa14e781e0"
  dependencies:
    "@phosphor/algorithm" "^1.1.3"

"@phosphor/widgets@^1.6.0", "@phosphor/widgets@^1.7.1":
  version "1.7.1"
  resolved "https://registry.yarnpkg.com/@phosphor/widgets/-/widgets-1.7.1.tgz#7f2abc9c6b2c8844b650dc52d123469b9efccbdd"
  dependencies:
    "@phosphor/algorithm" "^1.1.3"
    "@phosphor/commands" "^1.6.2"
    "@phosphor/coreutils" "^1.3.1"
    "@phosphor/disposable" "^1.1.3"
    "@phosphor/domutils" "^1.1.3"
    "@phosphor/dragdrop" "^1.3.2"
    "@phosphor/keyboard" "^1.1.3"
    "@phosphor/messaging" "^1.2.3"
    "@phosphor/properties" "^1.1.3"
    "@phosphor/signaling" "^1.2.3"
    "@phosphor/virtualdom" "^1.1.3"

"@types/prop-types@*":
  version "15.7.1"
  resolved "https://registry.yarnpkg.com/@types/prop-types/-/prop-types-15.7.1.tgz#f1a11e7babb0c3cad68100be381d1e064c68f1f6"

"@types/react@~16.4.13":
  version "16.4.18"
  resolved "https://registry.yarnpkg.com/@types/react/-/react-16.4.18.tgz#2e28a2e7f92d3fa7d6a65f2b73275c3e3138a13d"
  dependencies:
    "@types/prop-types" "*"
    csstype "^2.2.0"

ajv@~5.1.6:
  version "5.1.6"
  resolved "https://registry.yarnpkg.com/ajv/-/ajv-5.1.6.tgz#4b2f1a19dece93d57ac216037e3e9791c7dd1564"
  dependencies:
    co "^4.6.0"
    json-schema-traverse "^0.3.0"
    json-stable-stringify "^1.0.1"

ansi-styles@^3.2.1:
  version "3.2.1"
  resolved "https://registry.yarnpkg.com/ansi-styles/-/ansi-styles-3.2.1.tgz#41fbb20243e50b12be0f04b8dedbf07520ce841d"
  dependencies:
    color-convert "^1.9.0"

ansi_up@^3.0.0:
  version "3.0.0"
  resolved "https://registry.yarnpkg.com/ansi_up/-/ansi_up-3.0.0.tgz#27f45d8f457d9ceff59e4ea03c8e6f13c1a303e8"

array-uniq@^1.0.2:
  version "1.0.3"
  resolved "https://registry.yarnpkg.com/array-uniq/-/array-uniq-1.0.3.tgz#af6ac877a25cc7f74e058894753858dfdb24fdb6"

asap@~2.0.3:
  version "2.0.6"
  resolved "https://registry.yarnpkg.com/asap/-/asap-2.0.6.tgz#e50347611d7e690943208bbdafebcbc2fb866d46"

balanced-match@^1.0.0:
  version "1.0.0"
  resolved "https://registry.yarnpkg.com/balanced-match/-/balanced-match-1.0.0.tgz#89b4d199ab2bee49de164ea02b89ce462d71b767"

brace-expansion@^1.1.7:
  version "1.1.11"
  resolved "https://registry.yarnpkg.com/brace-expansion/-/brace-expansion-1.1.11.tgz#3c7fcbf529d87226f3d2f52b966ff5271eb441dd"
  dependencies:
    balanced-match "^1.0.0"
    concat-map "0.0.1"

chalk@^2.3.0, chalk@^2.4.1:
  version "2.4.2"
  resolved "https://registry.yarnpkg.com/chalk/-/chalk-2.4.2.tgz#cd42541677a54333cf541a49108c1432b44c9424"
  dependencies:
    ansi-styles "^3.2.1"
    escape-string-regexp "^1.0.5"
    supports-color "^5.3.0"

co@^4.6.0:
  version "4.6.0"
  resolved "https://registry.yarnpkg.com/co/-/co-4.6.0.tgz#6ea6bdf3d853ae54ccb8e47bfa0bf3f9031fb184"

codemirror@~5.39.0:
  version "5.39.2"
  resolved "https://registry.yarnpkg.com/codemirror/-/codemirror-5.39.2.tgz#778aa13b55ebf280745c309cb1b148e3fc06f698"

color-convert@^1.9.0:
  version "1.9.3"
  resolved "https://registry.yarnpkg.com/color-convert/-/color-convert-1.9.3.tgz#bb71850690e1f136567de629d2d5471deda4c1e8"
  dependencies:
    color-name "1.1.3"

color-name@1.1.3:
  version "1.1.3"
  resolved "https://registry.yarnpkg.com/color-name/-/color-name-1.1.3.tgz#a7d0558bd89c42f795dd42328f740831ca53bc25"

comment-json@^1.1.3:
  version "1.1.3"
  resolved "https://registry.yarnpkg.com/comment-json/-/comment-json-1.1.3.tgz#6986c3330fee0c4c9e00c2398cd61afa5d8f239e"
  dependencies:
    json-parser "^1.0.0"

concat-map@0.0.1:
  version "0.0.1"
  resolved "https://registry.yarnpkg.com/concat-map/-/concat-map-0.0.1.tgz#d8a96bd77fd68df7793a73036a3ba0d5405d477b"

core-js@^1.0.0:
  version "1.2.7"
  resolved "https://registry.yarnpkg.com/core-js/-/core-js-1.2.7.tgz#652294c14651db28fa93bd2d5ff2983a4f08c636"

csstype@^2.2.0:
  version "2.6.5"
  resolved "https://registry.yarnpkg.com/csstype/-/csstype-2.6.5.tgz#1cd1dff742ebf4d7c991470ae71e12bb6751e034"

dom-serializer@0:
  version "0.1.1"
  resolved "https://registry.yarnpkg.com/dom-serializer/-/dom-serializer-0.1.1.tgz#1ec4059e284babed36eec2941d4a970a189ce7c0"
  dependencies:
    domelementtype "^1.3.0"
    entities "^1.1.1"

domelementtype@1, domelementtype@^1.3.0, domelementtype@^1.3.1:
  version "1.3.1"
  resolved "https://registry.yarnpkg.com/domelementtype/-/domelementtype-1.3.1.tgz#d048c44b37b0d10a7f2a3d5fee3f4333d790481f"

domhandler@^2.3.0:
  version "2.4.2"
  resolved "https://registry.yarnpkg.com/domhandler/-/domhandler-2.4.2.tgz#8805097e933d65e85546f726d60f5eb88b44f803"
  dependencies:
    domelementtype "1"

domutils@^1.5.1:
  version "1.7.0"
  resolved "https://registry.yarnpkg.com/domutils/-/domutils-1.7.0.tgz#56ea341e834e06e6748af7a1cb25da67ea9f8c2a"
  dependencies:
    dom-serializer "0"
    domelementtype "1"

encoding@^0.1.11:
  version "0.1.12"
  resolved "https://registry.yarnpkg.com/encoding/-/encoding-0.1.12.tgz#538b66f3ee62cd1ab51ec323829d1f9480c74beb"
  dependencies:
    iconv-lite "~0.4.13"

entities@^1.1.1:
  version "1.1.2"
  resolved "https://registry.yarnpkg.com/entities/-/entities-1.1.2.tgz#bdfa735299664dfafd34529ed4f8522a275fea56"

escape-string-regexp@^1.0.5:
  version "1.0.5"
  resolved "https://registry.yarnpkg.com/escape-string-regexp/-/escape-string-regexp-1.0.5.tgz#1b61c0562190a8dff6ae3bb2cf0200ca130b86d4"

esprima@^2.7.0:
  version "2.7.3"
  resolved "https://registry.yarnpkg.com/esprima/-/esprima-2.7.3.tgz#96e3b70d5779f6ad49cd032673d1c312767ba581"

fbjs@^0.8.16:
  version "0.8.17"
  resolved "https://registry.yarnpkg.com/fbjs/-/fbjs-0.8.17.tgz#c4d598ead6949112653d6588b01a5cdcd9f90fdd"
  dependencies:
    core-js "^1.0.0"
    isomorphic-fetch "^2.1.1"
    loose-envify "^1.0.0"
    object-assign "^4.1.0"
    promise "^7.1.1"
    setimmediate "^1.0.5"
    ua-parser-js "^0.7.18"

fs.realpath@^1.0.0:
  version "1.0.0"
  resolved "https://registry.yarnpkg.com/fs.realpath/-/fs.realpath-1.0.0.tgz#1504ad2523158caa40db4a2787cb01411994ea4f"

glob@^7.1.3:
  version "7.1.4"
  resolved "https://registry.yarnpkg.com/glob/-/glob-7.1.4.tgz#aa608a2f6c577ad357e1ae5a5c26d9a8d1969255"
  dependencies:
    fs.realpath "^1.0.0"
    inflight "^1.0.4"
    inherits "2"
    minimatch "^3.0.4"
    once "^1.3.0"
    path-is-absolute "^1.0.0"

has-flag@^3.0.0:
  version "3.0.0"
  resolved "https://registry.yarnpkg.com/has-flag/-/has-flag-3.0.0.tgz#b5d454dc2199ae225699f3467e5a07f3b955bafd"

htmlparser2@^3.9.0:
  version "3.10.1"
  resolved "https://registry.yarnpkg.com/htmlparser2/-/htmlparser2-3.10.1.tgz#bd679dc3f59897b6a34bb10749c855bb53a9392f"
  dependencies:
    domelementtype "^1.3.1"
    domhandler "^2.3.0"
    domutils "^1.5.1"
    entities "^1.1.1"
    inherits "^2.0.1"
    readable-stream "^3.1.1"

iconv-lite@~0.4.13:
  version "0.4.24"
  resolved "https://registry.yarnpkg.com/iconv-lite/-/iconv-lite-0.4.24.tgz#2022b4b25fbddc21d2f524974a474aafe733908b"
  dependencies:
    safer-buffer ">= 2.1.2 < 3"

inflight@^1.0.4:
  version "1.0.6"
  resolved "https://registry.yarnpkg.com/inflight/-/inflight-1.0.6.tgz#49bd6331d7d02d0c09bc910a1075ba8165b56df9"
  dependencies:
    once "^1.3.0"
    wrappy "1"

inherits@2, inherits@^2.0.1, inherits@^2.0.3:
  version "2.0.3"
  resolved "https://registry.yarnpkg.com/inherits/-/inherits-2.0.3.tgz#633c2c83e3da42a502f52466022480f4208261de"

is-stream@^1.0.1:
  version "1.1.0"
  resolved "https://registry.yarnpkg.com/is-stream/-/is-stream-1.1.0.tgz#12d4a3dd4e68e0b79ceb8dbc84173ae80d91ca44"

isomorphic-fetch@^2.1.1:
  version "2.2.1"
  resolved "https://registry.yarnpkg.com/isomorphic-fetch/-/isomorphic-fetch-2.2.1.tgz#611ae1acf14f5e81f729507472819fe9733558a9"
  dependencies:
    node-fetch "^1.0.1"
    whatwg-fetch ">=0.10.0"

"js-tokens@^3.0.0 || ^4.0.0":
  version "4.0.0"
  resolved "https://registry.yarnpkg.com/js-tokens/-/js-tokens-4.0.0.tgz#19203fb59991df98e3a287050d4647cdeaf32499"

json-parser@^1.0.0:
  version "1.1.5"
  resolved "https://registry.yarnpkg.com/json-parser/-/json-parser-1.1.5.tgz#e62ec5261d1a6a5fc20e812a320740c6d9005677"
  dependencies:
    esprima "^2.7.0"

json-schema-traverse@^0.3.0:
  version "0.3.1"
  resolved "https://registry.yarnpkg.com/json-schema-traverse/-/json-schema-traverse-0.3.1.tgz#349a6d44c53a51de89b40805c5d5e59b417d3340"

json-stable-stringify@^1.0.1:
  version "1.0.1"
  resolved "https://registry.yarnpkg.com/json-stable-stringify/-/json-stable-stringify-1.0.1.tgz#9a759d39c5f2ff503fd5300646ed445f88c4f9af"
  dependencies:
    jsonify "~0.0.0"

jsonify@~0.0.0:
  version "0.0.0"
  resolved "https://registry.yarnpkg.com/jsonify/-/jsonify-0.0.0.tgz#2c74b6ee41d93ca51b7b5aaee8f503631d252a73"

lodash.clonedeep@^4.5.0:
  version "4.5.0"
  resolved "https://registry.yarnpkg.com/lodash.clonedeep/-/lodash.clonedeep-4.5.0.tgz#e23f3f9c4f8fbdde872529c1071857a086e5ccef"

lodash.escaperegexp@^4.1.2:
  version "4.1.2"
  resolved "https://registry.yarnpkg.com/lodash.escaperegexp/-/lodash.escaperegexp-4.1.2.tgz#64762c48618082518ac3df4ccf5d5886dae20347"

lodash.isplainobject@^4.0.6:
  version "4.0.6"
  resolved "https://registry.yarnpkg.com/lodash.isplainobject/-/lodash.isplainobject-4.0.6.tgz#7c526a52d89b45c45cc690b88163be0497f550cb"

lodash.isstring@^4.0.1:
  version "4.0.1"
  resolved "https://registry.yarnpkg.com/lodash.isstring/-/lodash.isstring-4.0.1.tgz#d527dfb5456eca7cc9bb95d5daeaf88ba54a5451"

lodash.mergewith@^4.6.0:
  version "4.6.1"
  resolved "https://registry.yarnpkg.com/lodash.mergewith/-/lodash.mergewith-4.6.1.tgz#639057e726c3afbdb3e7d42741caa8d6e4335927"

loose-envify@^1.0.0, loose-envify@^1.1.0, loose-envify@^1.4.0:
  version "1.4.0"
  resolved "https://registry.yarnpkg.com/loose-envify/-/loose-envify-1.4.0.tgz#71ee51fa7be4caec1a63839f7e682d8132d30caf"
  dependencies:
    js-tokens "^3.0.0 || ^4.0.0"

marked@~0.4.0:
  version "0.4.0"
  resolved "https://registry.yarnpkg.com/marked/-/marked-0.4.0.tgz#9ad2c2a7a1791f10a852e0112f77b571dce10c66"

minimatch@^3.0.4:
  version "3.0.4"
  resolved "https://registry.yarnpkg.com/minimatch/-/minimatch-3.0.4.tgz#5166e286457f03306064be5497e8dbb0c3d32083"
  dependencies:
    brace-expansion "^1.1.7"

minimist@~1.2.0:
  version "1.2.0"
  resolved "https://registry.yarnpkg.com/minimist/-/minimist-1.2.0.tgz#a35008b20f41383eec1fb914f4cd5df79a264284"

moment@~2.21.0:
  version "2.21.0"
  resolved "https://registry.yarnpkg.com/moment/-/moment-2.21.0.tgz#2a114b51d2a6ec9e6d83cf803f838a878d8a023a"

node-fetch@^1.0.1:
  version "1.7.3"
  resolved "https://registry.yarnpkg.com/node-fetch/-/node-fetch-1.7.3.tgz#980f6f72d85211a5347c6b2bc18c5b84c3eb47ef"
  dependencies:
    encoding "^0.1.11"
    is-stream "^1.0.1"

number-is-nan@^1.0.0:
  version "1.0.1"
  resolved "https://registry.yarnpkg.com/number-is-nan/-/number-is-nan-1.0.1.tgz#097b602b53422a522c1afb8790318336941a011d"

object-assign@^4.1.0, object-assign@^4.1.1:
  version "4.1.1"
  resolved "https://registry.yarnpkg.com/object-assign/-/object-assign-4.1.1.tgz#2109adc7965887cfc05cbbd442cac8bfbb360863"

once@^1.3.0:
  version "1.4.0"
  resolved "https://registry.yarnpkg.com/once/-/once-1.4.0.tgz#583b1aa775961d4b113ac17d9c50baef9dd76bd1"
  dependencies:
    wrappy "1"

path-is-absolute@^1.0.0:
  version "1.0.1"
  resolved "https://registry.yarnpkg.com/path-is-absolute/-/path-is-absolute-1.0.1.tgz#174b9268735534ffbc7ace6bf53a5a9e1b5c5f5f"

path-posix@~1.0.0:
  version "1.0.0"
  resolved "https://registry.yarnpkg.com/path-posix/-/path-posix-1.0.0.tgz#06b26113f56beab042545a23bfa88003ccac260f"

postcss@^6.0.14:
  version "6.0.23"
  resolved "https://registry.yarnpkg.com/postcss/-/postcss-6.0.23.tgz#61c82cc328ac60e677645f979054eb98bc0e3324"
  dependencies:
    chalk "^2.4.1"
    source-map "^0.6.1"
    supports-color "^5.4.0"

promise@^7.1.1:
  version "7.3.1"
  resolved "https://registry.yarnpkg.com/promise/-/promise-7.3.1.tgz#064b72602b18f90f29192b8b1bc418ffd1ebd3bf"
  dependencies:
    asap "~2.0.3"

prop-types@^15.6.0:
  version "15.7.2"
  resolved "https://registry.yarnpkg.com/prop-types/-/prop-types-15.7.2.tgz#52c41e75b8c87e72b9d9360e0206b99dcbffa6c5"
  dependencies:
    loose-envify "^1.4.0"
    object-assign "^4.1.1"
    react-is "^16.8.1"

querystringify@^2.1.1:
  version "2.1.1"
  resolved "https://registry.yarnpkg.com/querystringify/-/querystringify-2.1.1.tgz#60e5a5fd64a7f8bfa4d2ab2ed6fdf4c85bad154e"

react-dom@~16.4.2:
  version "16.4.2"
  resolved "https://registry.yarnpkg.com/react-dom/-/react-dom-16.4.2.tgz#4afed569689f2c561d2b8da0b819669c38a0bda4"
  dependencies:
    fbjs "^0.8.16"
    loose-envify "^1.1.0"
    object-assign "^4.1.1"
    prop-types "^15.6.0"

react-is@^16.8.1:
  version "16.8.6"
  resolved "https://registry.yarnpkg.com/react-is/-/react-is-16.8.6.tgz#5bbc1e2d29141c9fbdfed456343fe2bc430a6a16"

react@~16.4.2:
  version "16.4.2"
  resolved "https://registry.yarnpkg.com/react/-/react-16.4.2.tgz#2cd90154e3a9d9dd8da2991149fdca3c260e129f"
  dependencies:
    fbjs "^0.8.16"
    loose-envify "^1.1.0"
    object-assign "^4.1.1"
    prop-types "^15.6.0"

readable-stream@^3.1.1:
  version "3.4.0"
  resolved "https://registry.yarnpkg.com/readable-stream/-/readable-stream-3.4.0.tgz#a51c26754658e0a3c21dbf59163bd45ba6f447fc"
  dependencies:
    inherits "^2.0.3"
    string_decoder "^1.1.1"
    util-deprecate "^1.0.1"

requires-port@^1.0.0:
  version "1.0.0"
  resolved "https://registry.yarnpkg.com/requires-port/-/requires-port-1.0.0.tgz#925d2601d39ac485e091cf0da5c6e694dc3dcaff"

rimraf@^2.6.1:
  version "2.6.3"
  resolved "https://registry.yarnpkg.com/rimraf/-/rimraf-2.6.3.tgz#b2d104fe0d8fb27cf9e0a1cda8262dd3833c6cab"
  dependencies:
    glob "^7.1.3"

safe-buffer@~5.1.0:
  version "5.1.2"
  resolved "https://registry.yarnpkg.com/safe-buffer/-/safe-buffer-5.1.2.tgz#991ec69d296e0313747d59bdfd2b745c35f8828d"

"safer-buffer@>= 2.1.2 < 3":
  version "2.1.2"
  resolved "https://registry.yarnpkg.com/safer-buffer/-/safer-buffer-2.1.2.tgz#44fa161b0187b9549dd84bb91802f9bd8385cd6a"

sanitize-html@~1.18.2:
  version "1.18.5"
  resolved "https://registry.yarnpkg.com/sanitize-html/-/sanitize-html-1.18.5.tgz#350013d95d17f851ef8b178dfd9ca155acf2d7a0"
  dependencies:
    chalk "^2.3.0"
    htmlparser2 "^3.9.0"
    lodash.clonedeep "^4.5.0"
    lodash.escaperegexp "^4.1.2"
    lodash.isplainobject "^4.0.6"
    lodash.isstring "^4.0.1"
    lodash.mergewith "^4.6.0"
    postcss "^6.0.14"
    srcset "^1.0.0"
    xtend "^4.0.0"

setimmediate@^1.0.5:
  version "1.0.5"
  resolved "https://registry.yarnpkg.com/setimmediate/-/setimmediate-1.0.5.tgz#290cbb232e306942d7d7ea9b83732ab7856f8285"

source-map@^0.6.1:
  version "0.6.1"
  resolved "https://registry.yarnpkg.com/source-map/-/source-map-0.6.1.tgz#74722af32e9614e9c287a8d0bbde48b5e2f1a263"

srcset@^1.0.0:
  version "1.0.0"
  resolved "https://registry.yarnpkg.com/srcset/-/srcset-1.0.0.tgz#a5669de12b42f3b1d5e83ed03c71046fc48f41ef"
  dependencies:
    array-uniq "^1.0.2"
    number-is-nan "^1.0.0"

string_decoder@^1.1.1:
  version "1.2.0"
  resolved "https://registry.yarnpkg.com/string_decoder/-/string_decoder-1.2.0.tgz#fe86e738b19544afe70469243b2a1ee9240eae8d"
  dependencies:
    safe-buffer "~5.1.0"

supports-color@^5.3.0, supports-color@^5.4.0:
  version "5.5.0"
  resolved "https://registry.yarnpkg.com/supports-color/-/supports-color-5.5.0.tgz#e2e69a44ac8772f78a1ec0b35b689df6530efc8f"
  dependencies:
    has-flag "^3.0.0"

typescript@~2.9.2:
  version "2.9.2"
  resolved "https://registry.yarnpkg.com/typescript/-/typescript-2.9.2.tgz#1cbf61d05d6b96269244eb6a3bce4bd914e0f00c"

ua-parser-js@^0.7.18:
  version "0.7.20"
  resolved "https://registry.yarnpkg.com/ua-parser-js/-/ua-parser-js-0.7.20.tgz#7527178b82f6a62a0f243d1f94fd30e3e3c21098"

url-parse@~1.4.3:
  version "1.4.7"
  resolved "https://registry.yarnpkg.com/url-parse/-/url-parse-1.4.7.tgz#a8a83535e8c00a316e403a5db4ac1b9b853ae278"
  dependencies:
    querystringify "^2.1.1"
    requires-port "^1.0.0"

util-deprecate@^1.0.1:
  version "1.0.2"
  resolved "https://registry.yarnpkg.com/util-deprecate/-/util-deprecate-1.0.2.tgz#450d4dc9fa70de732762fbd2d4a28981419a0ccf"

whatwg-fetch@>=0.10.0:
  version "3.0.0"
  resolved "https://registry.yarnpkg.com/whatwg-fetch/-/whatwg-fetch-3.0.0.tgz#fc804e458cc460009b1a2b966bc8817d2578aefb"

wrappy@1:
  version "1.0.2"
  resolved "https://registry.yarnpkg.com/wrappy/-/wrappy-1.0.2.tgz#b5243d8f3ec1aa35f1364605bc0d1036e30ab69f"

xtend@^4.0.0:
  version "4.0.1"
  resolved "https://registry.yarnpkg.com/xtend/-/xtend-4.0.1.tgz#a5c6d532be656e23db820efb943a1f04998d63af"
